
Microsoft Visual Studio Solution File, Format Version 12.00
# Visual Studio Version 16
VisualStudioVersion = 16.0.31321.278
MinimumVisualStudioVersion = 10.0.40219.1
Project("{9A19103F-16F7-4668-BE54-9A1E7A4F7556}") = "PolygonPerimetr", "ConsoleApp1\PolygonPerimetr.csproj", "{E20AAFD9-615B-4278-A1FD-09245C247771}"
EndProject
Project("{9A19103F-16F7-4668-BE54-9A1E7A4F7556}") = "ThreeDimensionalShapes", "ConsoleApp2\ThreeDimensionalShapes.csproj", "{44653256-7F3A-445D-900F-A1AB531AE705}"
EndProject
Global
	GlobalSection(SolutionConfigurationPlatforms) = preSolution
		Debug|Any CPU = Debug|Any CPU
		Release|Any CPU = Release|Any CPU
	EndGlobalSection
	GlobalSection(ProjectConfigurationPlatforms) = postSolution
		{E20AAFD9-615B-4278-A1FD-09245C247771}.Debug|Any CPU.ActiveCfg = Debug|Any CPU
		{E20AAFD9-615B-4278-A1FD-09245C247771}.Debug|Any CPU.Build.0 = Debug|Any CPU
		{E20AAFD9-615B-4278-A1FD-09245C247771}.Release|Any CPU.ActiveCfg = Release|Any CPU
		{E20AAFD9-615B-4278-A1FD-09245C247771}.Release|Any CPU.Build.0 = Release|Any CPU
		{44653256-7F3A-445D-900F-A1AB531AE705}.Debug|Any CPU.ActiveCfg = Debug|Any CPU
		{44653256-7F3A-445D-900F-A1AB531AE705}.Debug|Any CPU.Build.0 = Debug|Any CPU
		{44653256-7F3A-445D-900F-A1AB531AE705}.Release|Any CPU.ActiveCfg = Release|Any CPU
		{44653256-7F3A-445D-900F-A1AB531AE705}.Release|Any CPU.Build.0 = Release|Any CPU
	EndGlobalSection
	GlobalSection(SolutionProperties) = preSolution
		HideSolutionNode = FALSE
	EndGlobalSection
	GlobalSection(ExtensibilityGlobals) = postSolution
		SolutionGuid = {30C76E34-963B-47B9-BA31-3951D55739A3}
	EndGlobalSection
EndGlobal
